
Microsoft Visual Studio Solution File, Format Version 12.00
# Visual Studio Version 17
VisualStudioVersion = 17.8.34330.188
MinimumVisualStudioVersion = 10.0.40219.1
Project("{FAE04EC0-301F-11D3-BF4B-00C04F79EFBC}") = "QuanLyKhachSan", "QuanLyKhachSan\QuanLyKhachSan.csproj", "{ADBB8506-83CB-4483-BD9A-7C62309EC52F}"
EndProject
Project("{FAE04EC0-301F-11D3-BF4B-00C04F79EFBC}") = "BLL", "BLL\BLL.csproj", "{3E87C2F6-5077-47C0-B81E-132B2EA3B338}"
EndProject
Project("{FAE04EC0-301F-11D3-BF4B-00C04F79EFBC}") = "DAL", "DAL\DAL.csproj", "{6ADE0C3D-D04D-48A8-BC73-7A3FF4081169}"
EndProject
Project("{FAE04EC0-301F-11D3-BF4B-00C04F79EFBC}") = "DTO", "DTO\DTO.csproj", "{F20F421A-9E34-4FDA-BB28-1DEAFEAF7F26}"
EndProject
Global
	GlobalSection(SolutionConfigurationPlatforms) = preSolution
		Debug|Any CPU = Debug|Any CPU
		Release|Any CPU = Release|Any CPU
	EndGlobalSection
	GlobalSection(ProjectConfigurationPlatforms) = postSolution
		{ADBB8506-83CB-4483-BD9A-7C62309EC52F}.Debug|Any CPU.ActiveCfg = Debug|Any CPU
		{ADBB8506-83CB-4483-BD9A-7C62309EC52F}.Debug|Any CPU.Build.0 = Debug|Any CPU
		{ADBB8506-83CB-4483-BD9A-7C62309EC52F}.Release|Any CPU.ActiveCfg = Release|Any CPU
		{ADBB8506-83CB-4483-BD9A-7C62309EC52F}.Release|Any CPU.Build.0 = Release|Any CPU
		{3E87C2F6-5077-47C0-B81E-132B2EA3B338}.Debug|Any CPU.ActiveCfg = Debug|Any CPU
		{3E87C2F6-5077-47C0-B81E-132B2EA3B338}.Debug|Any CPU.Build.0 = Debug|Any CPU
		{3E87C2F6-5077-47C0-B81E-132B2EA3B338}.Release|Any CPU.ActiveCfg = Release|Any CPU
		{3E87C2F6-5077-47C0-B81E-132B2EA3B338}.Release|Any CPU.Build.0 = Release|Any CPU
		{6ADE0C3D-D04D-48A8-BC73-7A3FF4081169}.Debug|Any CPU.ActiveCfg = Debug|Any CPU
		{6ADE0C3D-D04D-48A8-BC73-7A3FF4081169}.Debug|Any CPU.Build.0 = Debug|Any CPU
		{6ADE0C3D-D04D-48A8-BC73-7A3FF4081169}.Release|Any CPU.ActiveCfg = Release|Any CPU
		{6ADE0C3D-D04D-48A8-BC73-7A3FF4081169}.Release|Any CPU.Build.0 = Release|Any CPU
		{F20F421A-9E34-4FDA-BB28-1DEAFEAF7F26}.Debug|Any CPU.ActiveCfg = Debug|Any CPU
		{F20F421A-9E34-4FDA-BB28-1DEAFEAF7F26}.Debug|Any CPU.Build.0 = Debug|Any CPU
		{F20F421A-9E34-4FDA-BB28-1DEAFEAF7F26}.Release|Any CPU.ActiveCfg = Release|Any CPU
		{F20F421A-9E34-4FDA-BB28-1DEAFEAF7F26}.Release|Any CPU.Build.0 = Release|Any CPU
	EndGlobalSection
	GlobalSection(SolutionProperties) = preSolution
		HideSolutionNode = FALSE
	EndGlobalSection
	GlobalSection(ExtensibilityGlobals) = postSolution
		SolutionGuid = {19C8F37C-2D32-452E-AE63-B8EE80875AF1}
	EndGlobalSection
EndGlobal
